
Microsoft Visual Studio Solution File, Format Version 12.00
# Visual Studio Version 17
VisualStudioVersion = 17.9.34622.214
MinimumVisualStudioVersion = 10.0.40219.1
Project("{FAE04EC0-301F-11D3-BF4B-00C04F79EFBC}") = "WitcherBooks", "WitcherBooks\WitcherBooks.csproj", "{7074E20E-FD8A-4A97-9AAF-26BE2A07AC37}"
EndProject
Project("{FAE04EC0-301F-11D3-BF4B-00C04F79EFBC}") = "Domain", "Domain\Domain.csproj", "{C0585E64-D736-4690-9FA8-E79681FDA90C}"
EndProject
Project("{FAE04EC0-301F-11D3-BF4B-00C04F79EFBC}") = "Services", "Services\Services.csproj", "{070DDE23-61CC-47A3-98F9-B1B8FC495192}"
EndProject
Global
	GlobalSection(SolutionConfigurationPlatforms) = preSolution
		Debug|Any CPU = Debug|Any CPU
		Release|Any CPU = Release|Any CPU
	EndGlobalSection
	GlobalSection(ProjectConfigurationPlatforms) = postSolution
		{7074E20E-FD8A-4A97-9AAF-26BE2A07AC37}.Debug|Any CPU.ActiveCfg = Debug|Any CPU
		{7074E20E-FD8A-4A97-9AAF-26BE2A07AC37}.Debug|Any CPU.Build.0 = Debug|Any CPU
		{7074E20E-FD8A-4A97-9AAF-26BE2A07AC37}.Release|Any CPU.ActiveCfg = Release|Any CPU
		{7074E20E-FD8A-4A97-9AAF-26BE2A07AC37}.Release|Any CPU.Build.0 = Release|Any CPU
		{C0585E64-D736-4690-9FA8-E79681FDA90C}.Debug|Any CPU.ActiveCfg = Debug|Any CPU
		{C0585E64-D736-4690-9FA8-E79681FDA90C}.Debug|Any CPU.Build.0 = Debug|Any CPU
		{C0585E64-D736-4690-9FA8-E79681FDA90C}.Release|Any CPU.ActiveCfg = Release|Any CPU
		{C0585E64-D736-4690-9FA8-E79681FDA90C}.Release|Any CPU.Build.0 = Release|Any CPU
		{070DDE23-61CC-47A3-98F9-B1B8FC495192}.Debug|Any CPU.ActiveCfg = Debug|Any CPU
		{070DDE23-61CC-47A3-98F9-B1B8FC495192}.Debug|Any CPU.Build.0 = Debug|Any CPU
		{070DDE23-61CC-47A3-98F9-B1B8FC495192}.Release|Any CPU.ActiveCfg = Release|Any CPU
		{070DDE23-61CC-47A3-98F9-B1B8FC495192}.Release|Any CPU.Build.0 = Release|Any CPU
	EndGlobalSection
	GlobalSection(SolutionProperties) = preSolution
		HideSolutionNode = FALSE
	EndGlobalSection
	GlobalSection(ExtensibilityGlobals) = postSolution
		SolutionGuid = {54AD6359-F8A2-4345-B730-67C3606EFA24}
	EndGlobalSection
EndGlobal
